// !$*UTF8*$!
{
	archiveVersion = 1;
	classes = {
	};
	objectVersion = 46;
	objects = {

/* Begin PBXBuildFile section */
		6692F7B3199658B90090AB33 /* Ashdod.png in Resources */ = {isa = PBXBuildFile; fileRef = 6692F7A5199658B90090AB33 /* Ashdod.png */; };
		6692F7B4199658B90090AB33 /* Ashkelon.png in Resources */ = {isa = PBXBuildFile; fileRef = 6692F7A6199658B90090AB33 /* Ashkelon.png */; };
		6692F7B5199658B90090AB33 /* Be'er-Sheva.png in Resources */ = {isa = PBXBuildFile; fileRef = 6692F7A7199658B90090AB33 /* Be'er-Sheva.png */; };
		6692F7B6199658B90090AB33 /* Haifa.png in Resources */ = {isa = PBXBuildFile; fileRef = 6692F7A8199658B90090AB33 /* Haifa.png */; };
		6692F7B7199658B90090AB33 /* Hertzliya.png in Resources */ = {isa = PBXBuildFile; fileRef = 6692F7A9199658B90090AB33 /* Hertzliya.png */; };
		6692F7B8199658B90090AB33 /* Holon.png in Resources */ = {isa = PBXBuildFile; fileRef = 6692F7AA199658B90090AB33 /* Holon.png */; };
		6692F7B9199658B90090AB33 /* Khan Yunis.png in Resources */ = {isa = PBXBuildFile; fileRef = 6692F7AB199658B90090AB33 /* Khan Yunis.png */; };
		6692F7BA199658B90090AB33 /* Netanya.png in Resources */ = {isa = PBXBuildFile; fileRef = 6692F7AC199658B90090AB33 /* Netanya.png */; };
		6692F7BB199658B90090AB33 /* Rafah.png in Resources */ = {isa = PBXBuildFile; fileRef = 6692F7AD199658B90090AB33 /* Rafah.png */; };
		6692F7BC199658B90090AB33 /* Sderot.png in Resources */ = {isa = PBXBuildFile; fileRef = 6692F7AE199658B90090AB33 /* Sderot.png */; };
		6692F7BD199658B90090AB33 /* Shejaiya.png in Resources */ = {isa = PBXBuildFile; fileRef = 6692F7AF199658B90090AB33 /* Shejaiya.png */; };
		6692F7BE199658B90090AB33 /* Tayibe.png in Resources */ = {isa = PBXBuildFile; fileRef = 6692F7B0199658B90090AB33 /* Tayibe.png */; };
		6692F7BF199658B90090AB33 /* Tel aviv.png in Resources */ = {isa = PBXBuildFile; fileRef = 6692F7B1199658B90090AB33 /* Tel aviv.png */; };
		6692F7C0199658B90090AB33 /* Yokneam.png in Resources */ = {isa = PBXBuildFile; fileRef = 6692F7B2199658B90090AB33 /* Yokneam.png */; };
		6692F7C4199684B00090AB33 /* PowerBar.m in Sources */ = {isa = PBXBuildFile; fileRef = 6692F7C3199684B00090AB33 /* PowerBar.m */; };
		66A2175F199A902C00AFCDCC /* musabg.caf in Resources */ = {isa = PBXBuildFile; fileRef = 66A2175E199A902C00AFCDCC /* musabg.caf */; };
		66A21761199A916A00AFCDCC /* AVFoundation.framework in Frameworks */ = {isa = PBXBuildFile; fileRef = 66A21760199A916A00AFCDCC /* AVFoundation.framework */; };
		66AE1A2B1997F6D00081B2F6 /* Explosion.sks in Resources */ = {isa = PBXBuildFile; fileRef = 66AE1A291997F6D00081B2F6 /* Explosion.sks */; };
		66AE1A2C1997F6D00081B2F6 /* spark.png in Resources */ = {isa = PBXBuildFile; fileRef = 66AE1A2A1997F6D00081B2F6 /* spark.png */; };
		66AE1A2F19980C450081B2F6 /* RocketTail.sks in Resources */ = {isa = PBXBuildFile; fileRef = 66AE1A2D19980C450081B2F6 /* RocketTail.sks */; };
		66AE1A3019980C450081B2F6 /* spark.png in Resources */ = {isa = PBXBuildFile; fileRef = 66AE1A2E19980C450081B2F6 /* spark.png */; };
		66AE1A3719993BAA0081B2F6 /* musa.png in Resources */ = {isa = PBXBuildFile; fileRef = 66AE1A3619993BAA0081B2F6 /* musa.png */; };
		66AE1A3B1999407E0081B2F6 /* SignTarget.m in Sources */ = {isa = PBXBuildFile; fileRef = 66AE1A3A1999407E0081B2F6 /* SignTarget.m */; };
		66AE1A3E199940860081B2F6 /* Missile.m in Sources */ = {isa = PBXBuildFile; fileRef = 66AE1A3D199940860081B2F6 /* Missile.m */; };
		66BCD4B519A78B1800206164 /* CoreMotion.framework in Frameworks */ = {isa = PBXBuildFile; fileRef = 66BCD4B419A78B1800206164 /* CoreMotion.framework */; };
		66BCD4B819A8F84800206164 /* MainMenuScene.m in Sources */ = {isa = PBXBuildFile; fileRef = 66BCD4B719A8F84800206164 /* MainMenuScene.m */; };
		66BCD4BA19A8F97000206164 /* PalestineFlag.png in Resources */ = {isa = PBXBuildFile; fileRef = 66BCD4B919A8F97000206164 /* PalestineFlag.png */; };
		66BCD4BC19A8FEAD00206164 /* startmusic.caf in Resources */ = {isa = PBXBuildFile; fileRef = 66BCD4BB19A8FEAD00206164 /* startmusic.caf */; };
		66D2EADE19951968007C43B3 /* Foundation.framework in Frameworks */ = {isa = PBXBuildFile; fileRef = 66D2EADD19951968007C43B3 /* Foundation.framework */; };
		66D2EAE019951968007C43B3 /* CoreGraphics.framework in Frameworks */ = {isa = PBXBuildFile; fileRef = 66D2EADF19951968007C43B3 /* CoreGraphics.framework */; };
		66D2EAE219951968007C43B3 /* UIKit.framework in Frameworks */ = {isa = PBXBuildFile; fileRef = 66D2EAE119951968007C43B3 /* UIKit.framework */; };
		66D2EAE419951968007C43B3 /* SpriteKit.framework in Frameworks */ = {isa = PBXBuildFile; fileRef = 66D2EAE319951968007C43B3 /* SpriteKit.framework */; };
		66D2EAEA19951968007C43B3 /* InfoPlist.strings in Resources */ = {isa = PBXBuildFile; fileRef = 66D2EAE819951968007C43B3 /* InfoPlist.strings */; };
		66D2EAEC19951968007C43B3 /* main.m in Sources */ = {isa = PBXBuildFile; fileRef = 66D2EAEB19951968007C43B3 /* main.m */; };
		66D2EAF019951968007C43B3 /* AppDelegate.m in Sources */ = {isa = PBXBuildFile; fileRef = 66D2EAEF19951968007C43B3 /* AppDelegate.m */; };
		66D2EAF319951968007C43B3 /* Main_iPhone.storyboard in Resources */ = {isa = PBXBuildFile; fileRef = 66D2EAF119951968007C43B3 /* Main_iPhone.storyboard */; };
		66D2EAF619951968007C43B3 /* Main_iPad.storyboard in Resources */ = {isa = PBXBuildFile; fileRef = 66D2EAF419951968007C43B3 /* Main_iPad.storyboard */; };
		66D2EAF919951968007C43B3 /* ViewController.m in Sources */ = {isa = PBXBuildFile; fileRef = 66D2EAF819951968007C43B3 /* ViewController.m */; };
		66D2EAFC19951968007C43B3 /* MyScene.m in Sources */ = {isa = PBXBuildFile; fileRef = 66D2EAFB19951968007C43B3 /* MyScene.m */; };
		66D2EAFE19951968007C43B3 /* Spaceship.png in Resources */ = {isa = PBXBuildFile; fileRef = 66D2EAFD19951968007C43B3 /* Spaceship.png */; };
		66D2EB0019951968007C43B3 /* Images.xcassets in Resources */ = {isa = PBXBuildFile; fileRef = 66D2EAFF19951968007C43B3 /* Images.xcassets */; };
		66D2EB0719951968007C43B3 /* XCTest.framework in Frameworks */ = {isa = PBXBuildFile; fileRef = 66D2EB0619951968007C43B3 /* XCTest.framework */; };
		66D2EB0819951968007C43B3 /* Foundation.framework in Frameworks */ = {isa = PBXBuildFile; fileRef = 66D2EADD19951968007C43B3 /* Foundation.framework */; };
		66D2EB0919951968007C43B3 /* UIKit.framework in Frameworks */ = {isa = PBXBuildFile; fileRef = 66D2EAE119951968007C43B3 /* UIKit.framework */; };
		66D2EB1119951968007C43B3 /* InfoPlist.strings in Resources */ = {isa = PBXBuildFile; fileRef = 66D2EB0F19951968007C43B3 /* InfoPlist.strings */; };
		66D2EB1319951968007C43B3 /* FreeBalestineTests.m in Sources */ = {isa = PBXBuildFile; fileRef = 66D2EB1219951968007C43B3 /* FreeBalestineTests.m */; };
/* End PBXBuildFile section */

/* Begin PBXContainerItemProxy section */
		66D2EB0A19951968007C43B3 /* PBXContainerItemProxy */ = {
			isa = PBXContainerItemProxy;
			containerPortal = 66D2EAD219951968007C43B3 /* Project object */;
			proxyType = 1;
			remoteGlobalIDString = 66D2EAD919951968007C43B3;
			remoteInfo = FreeBalestine;
		};
/* End PBXContainerItemProxy section */

/* Begin PBXFileReference section */
		6692F7A5199658B90090AB33 /* Ashdod.png */ = {isa = PBXFileReference; lastKnownFileType = image.png; name = Ashdod.png; path = Signs/Ashdod.png; sourceTree = "<group>"; };
		6692F7A6199658B90090AB33 /* Ashkelon.png */ = {isa = PBXFileReference; lastKnownFileType = image.png; name = Ashkelon.png; path = Signs/Ashkelon.png; sourceTree = "<group>"; };
		6692F7A7199658B90090AB33 /* Be'er-Sheva.png */ = {isa = PBXFileReference; lastKnownFileType = image.png; name = "Be'er-Sheva.png"; path = "Signs/Be'er-Sheva.png"; sourceTree = "<group>"; };
		6692F7A8199658B90090AB33 /* Haifa.png */ = {isa = PBXFileReference; lastKnownFileType = image.png; name = Haifa.png; path = Signs/Haifa.png; sourceTree = "<group>"; };
		6692F7A9199658B90090AB33 /* Hertzliya.png */ = {isa = PBXFileReference; lastKnownFileType = image.png; name = Hertzliya.png; path = Signs/Hertzliya.png; sourceTree = "<group>"; };
		6692F7AA199658B90090AB33 /* Holon.png */ = {isa = PBXFileReference; lastKnownFileType = image.png; name = Holon.png; path = Signs/Holon.png; sourceTree = "<group>"; };
		6692F7AB199658B90090AB33 /* Khan Yunis.png */ = {isa = PBXFileReference; lastKnownFileType = image.png; name = "Khan Yunis.png"; path = "Signs/Khan Yunis.png"; sourceTree = "<group>"; };
		6692F7AC199658B90090AB33 /* Netanya.png */ = {isa = PBXFileReference; lastKnownFileType = image.png; name = Netanya.png; path = Signs/Netanya.png; sourceTree = "<group>"; };
		6692F7AD199658B90090AB33 /* Rafah.png */ = {isa = PBXFileReference; lastKnownFileType = image.png; name = Rafah.png; path = Signs/Rafah.png; sourceTree = "<group>"; };
		6692F7AE199658B90090AB33 /* Sderot.png */ = {isa = PBXFileReference; lastKnownFileType = image.png; name = Sderot.png; path = Signs/Sderot.png; sourceTree = "<group>"; };
		6692F7AF199658B90090AB33 /* Shejaiya.png */ = {isa = PBXFileReference; lastKnownFileType = image.png; name = Shejaiya.png; path = Signs/Shejaiya.png; sourceTree = "<group>"; };
		6692F7B0199658B90090AB33 /* Tayibe.png */ = {isa = PBXFileReference; lastKnownFileType = image.png; name = Tayibe.png; path = Signs/Tayibe.png; sourceTree = "<group>"; };
		6692F7B1199658B90090AB33 /* Tel aviv.png */ = {isa = PBXFileReference; lastKnownFileType = image.png; name = "Tel aviv.png"; path = "Signs/Tel aviv.png"; sourceTree = "<group>"; };
		6692F7B2199658B90090AB33 /* Yokneam.png */ = {isa = PBXFileReference; lastKnownFileType = image.png; name = Yokneam.png; path = Signs/Yokneam.png; sourceTree = "<group>"; };
		6692F7C2199684B00090AB33 /* PowerBar.h */ = {isa = PBXFileReference; fileEncoding = 4; lastKnownFileType = sourcecode.c.h; path = PowerBar.h; sourceTree = "<group>"; };
		6692F7C3199684B00090AB33 /* PowerBar.m */ = {isa = PBXFileReference; fileEncoding = 4; lastKnownFileType = sourcecode.c.objc; path = PowerBar.m; sourceTree = "<group>"; };
		66A2175E199A902C00AFCDCC /* musabg.caf */ = {isa = PBXFileReference; lastKnownFileType = file; path = musabg.caf; sourceTree = "<group>"; };
		66A21760199A916A00AFCDCC /* AVFoundation.framework */ = {isa = PBXFileReference; lastKnownFileType = wrapper.framework; name = AVFoundation.framework; path = System/Library/Frameworks/AVFoundation.framework; sourceTree = SDKROOT; };
		66AE1A291997F6D00081B2F6 /* Explosion.sks */ = {isa = PBXFileReference; lastKnownFileType = file.sks; name = Explosion.sks; path = ../Explosion.sks; sourceTree = "<group>"; };
		66AE1A2A1997F6D00081B2F6 /* spark.png */ = {isa = PBXFileReference; lastKnownFileType = image.png; name = spark.png; path = ../spark.png; sourceTree = "<group>"; };
		66AE1A2D19980C450081B2F6 /* RocketTail.sks */ = {isa = PBXFileReference; lastKnownFileType = file.sks; path = RocketTail.sks; sourceTree = "<group>"; };
		66AE1A2E19980C450081B2F6 /* spark.png */ = {isa = PBXFileReference; lastKnownFileType = image.png; path = spark.png; sourceTree = "<group>"; };
		66AE1A3619993BAA0081B2F6 /* musa.png */ = {isa = PBXFileReference; lastKnownFileType = image.png; path = musa.png; sourceTree = "<group>"; };
		66AE1A381999404C0081B2F6 /* Common.h */ = {isa = PBXFileReference; fileEncoding = 4; lastKnownFileType = sourcecode.c.h; path = Common.h; sourceTree = "<group>"; };
		66AE1A391999407E0081B2F6 /* SignTarget.h */ = {isa = PBXFileReference; fileEncoding = 4; lastKnownFileType = sourcecode.c.h; path = SignTarget.h; sourceTree = "<group>"; };
		66AE1A3A1999407E0081B2F6 /* SignTarget.m */ = {isa = PBXFileReference; fileEncoding = 4; lastKnownFileType = sourcecode.c.objc; path = SignTarget.m; sourceTree = "<group>"; };
		66AE1A3C199940860081B2F6 /* Missile.h */ = {isa = PBXFileReference; fileEncoding = 4; lastKnownFileType = sourcecode.c.h; path = Missile.h; sourceTree = "<group>"; };
		66AE1A3D199940860081B2F6 /* Missile.m */ = {isa = PBXFileReference; fileEncoding = 4; lastKnownFileType = sourcecode.c.objc; path = Missile.m; sourceTree = "<group>"; };
		66BCD4B419A78B1800206164 /* CoreMotion.framework */ = {isa = PBXFileReference; lastKnownFileType = wrapper.framework; name = CoreMotion.framework; path = System/Library/Frameworks/CoreMotion.framework; sourceTree = SDKROOT; };
		66BCD4B619A8F84800206164 /* MainMenuScene.h */ = {isa = PBXFileReference; fileEncoding = 4; lastKnownFileType = sourcecode.c.h; name = MainMenuScene.h; path = ../MainMenuScene.h; sourceTree = "<group>"; };
		66BCD4B719A8F84800206164 /* MainMenuScene.m */ = {isa = PBXFileReference; fileEncoding = 4; lastKnownFileType = sourcecode.c.objc; name = MainMenuScene.m; path = ../MainMenuScene.m; sourceTree = "<group>"; };
		66BCD4B919A8F97000206164 /* PalestineFlag.png */ = {isa = PBXFileReference; lastKnownFileType = image.png; path = PalestineFlag.png; sourceTree = "<group>"; };
		66BCD4BB19A8FEAD00206164 /* startmusic.caf */ = {isa = PBXFileReference; lastKnownFileType = file; path = startmusic.caf; sourceTree = "<group>"; };
		66D2EADA19951968007C43B3 /* FreeBalestine.app */ = {isa = PBXFileReference; explicitFileType = wrapper.application; includeInIndex = 0; path = FreeBalestine.app; sourceTree = BUILT_PRODUCTS_DIR; };
		66D2EADD19951968007C43B3 /* Foundation.framework */ = {isa = PBXFileReference; lastKnownFileType = wrapper.framework; name = Foundation.framework; path = System/Library/Frameworks/Foundation.framework; sourceTree = SDKROOT; };
		66D2EADF19951968007C43B3 /* CoreGraphics.framework */ = {isa = PBXFileReference; lastKnownFileType = wrapper.framework; name = CoreGraphics.framework; path = System/Library/Frameworks/CoreGraphics.framework; sourceTree = SDKROOT; };
		66D2EAE119951968007C43B3 /* UIKit.framework */ = {isa = PBXFileReference; lastKnownFileType = wrapper.framework; name = UIKit.framework; path = System/Library/Frameworks/UIKit.framework; sourceTree = SDKROOT; };
		66D2EAE319951968007C43B3 /* SpriteKit.framework */ = {isa = PBXFileReference; lastKnownFileType = wrapper.framework; name = SpriteKit.framework; path = System/Library/Frameworks/SpriteKit.framework; sourceTree = SDKROOT; };
		66D2EAE719951968007C43B3 /* FreeBalestine-Info.plist */ = {isa = PBXFileReference; lastKnownFileType = text.plist.xml; path = "FreeBalestine-Info.plist"; sourceTree = "<group>"; };
		66D2EAE919951968007C43B3 /* en */ = {isa = PBXFileReference; lastKnownFileType = text.plist.strings; name = en; path = en.lproj/InfoPlist.strings; sourceTree = "<group>"; };
		66D2EAEB19951968007C43B3 /* main.m */ = {isa = PBXFileReference; lastKnownFileType = sourcecode.c.objc; path = main.m; sourceTree = "<group>"; };
		66D2EAED19951968007C43B3 /* FreeBalestine-Prefix.pch */ = {isa = PBXFileReference; lastKnownFileType = sourcecode.c.h; path = "FreeBalestine-Prefix.pch"; sourceTree = "<group>"; };
		66D2EAEE19951968007C43B3 /* AppDelegate.h */ = {isa = PBXFileReference; lastKnownFileType = sourcecode.c.h; path = AppDelegate.h; sourceTree = "<group>"; };
		66D2EAEF19951968007C43B3 /* AppDelegate.m */ = {isa = PBXFileReference; lastKnownFileType = sourcecode.c.objc; path = AppDelegate.m; sourceTree = "<group>"; };
		66D2EAF219951968007C43B3 /* Base */ = {isa = PBXFileReference; lastKnownFileType = file.storyboard; name = Base; path = Base.lproj/Main_iPhone.storyboard; sourceTree = "<group>"; };
		66D2EAF519951968007C43B3 /* Base */ = {isa = PBXFileReference; lastKnownFileType = file.storyboard; name = Base; path = Base.lproj/Main_iPad.storyboard; sourceTree = "<group>"; };
		66D2EAF719951968007C43B3 /* ViewController.h */ = {isa = PBXFileReference; lastKnownFileType = sourcecode.c.h; path = ViewController.h; sourceTree = "<group>"; };
		66D2EAF819951968007C43B3 /* ViewController.m */ = {isa = PBXFileReference; lastKnownFileType = sourcecode.c.objc; path = ViewController.m; sourceTree = "<group>"; };
		66D2EAFA19951968007C43B3 /* MyScene.h */ = {isa = PBXFileReference; lastKnownFileType = sourcecode.c.h; path = MyScene.h; sourceTree = "<group>"; };
		66D2EAFB19951968007C43B3 /* MyScene.m */ = {isa = PBXFileReference; lastKnownFileType = sourcecode.c.objc; path = MyScene.m; sourceTree = "<group>"; };
		66D2EAFD19951968007C43B3 /* Spaceship.png */ = {isa = PBXFileReference; lastKnownFileType = image.png; path = Spaceship.png; sourceTree = "<group>"; };
		66D2EAFF19951968007C43B3 /* Images.xcassets */ = {isa = PBXFileReference; lastKnownFileType = folder.assetcatalog; path = Images.xcassets; sourceTree = "<group>"; };
		66D2EB0519951968007C43B3 /* FreeBalestineTests.xctest */ = {isa = PBXFileReference; explicitFileType = wrapper.cfbundle; includeInIndex = 0; path = FreeBalestineTests.xctest; sourceTree = BUILT_PRODUCTS_DIR; };
		66D2EB0619951968007C43B3 /* XCTest.framework */ = {isa = PBXFileReference; lastKnownFileType = wrapper.framework; name = XCTest.framework; path = Library/Frameworks/XCTest.framework; sourceTree = DEVELOPER_DIR; };
		66D2EB0E19951968007C43B3 /* FreeBalestineTests-Info.plist */ = {isa = PBXFileReference; lastKnownFileType = text.plist.xml; path = "FreeBalestineTests-Info.plist"; sourceTree = "<group>"; };
		66D2EB1019951968007C43B3 /* en */ = {isa = PBXFileReference; lastKnownFileType = text.plist.strings; name = en; path = en.lproj/InfoPlist.strings; sourceTree = "<group>"; };
		66D2EB1219951968007C43B3 /* FreeBalestineTests.m */ = {isa = PBXFileReference; lastKnownFileType = sourcecode.c.objc; path = FreeBalestineTests.m; sourceTree = "<group>"; };
/* End PBXFileReference section */

/* Begin PBXFrameworksBuildPhase section */
		66D2EAD719951968007C43B3 /* Frameworks */ = {
			isa = PBXFrameworksBuildPhase;
			buildActionMask = 2147483647;
			files = (
				66BCD4B519A78B1800206164 /* CoreMotion.framework in Frameworks */,
				66A21761199A916A00AFCDCC /* AVFoundation.framework in Frameworks */,
				66D2EAE019951968007C43B3 /* CoreGraphics.framework in Frameworks */,
				66D2EAE219951968007C43B3 /* UIKit.framework in Frameworks */,
				66D2EAE419951968007C43B3 /* SpriteKit.framework in Frameworks */,
				66D2EADE19951968007C43B3 /* Foundation.framework in Frameworks */,
			);
			runOnlyForDeploymentPostprocessing = 0;
		};
		66D2EB0219951968007C43B3 /* Frameworks */ = {
			isa = PBXFrameworksBuildPhase;
			buildActionMask = 2147483647;
			files = (
				66D2EB0719951968007C43B3 /* XCTest.framework in Frameworks */,
				66D2EB0919951968007C43B3 /* UIKit.framework in Frameworks */,
				66D2EB0819951968007C43B3 /* Foundation.framework in Frameworks */,
			);
			runOnlyForDeploymentPostprocessing = 0;
		};
/* End PBXFrameworksBuildPhase section */

/* Begin PBXGroup section */
		6692F788199658210090AB33 /* Signs PNGs */ = {
			isa = PBXGroup;
			children = (
				6692F7A5199658B90090AB33 /* Ashdod.png */,
				6692F7A6199658B90090AB33 /* Ashkelon.png */,
				6692F7A7199658B90090AB33 /* Be'er-Sheva.png */,
				6692F7A8199658B90090AB33 /* Haifa.png */,
				6692F7A9199658B90090AB33 /* Hertzliya.png */,
				6692F7AA199658B90090AB33 /* Holon.png */,
				6692F7AB199658B90090AB33 /* Khan Yunis.png */,
				6692F7AC199658B90090AB33 /* Netanya.png */,
				6692F7AD199658B90090AB33 /* Rafah.png */,
				6692F7AE199658B90090AB33 /* Sderot.png */,
				6692F7AF199658B90090AB33 /* Shejaiya.png */,
				6692F7B0199658B90090AB33 /* Tayibe.png */,
				6692F7B1199658B90090AB33 /* Tel aviv.png */,
				6692F7B2199658B90090AB33 /* Yokneam.png */,
			);
			name = "Signs PNGs";
			path = ..;
			sourceTree = "<group>";
		};
		6692F7C1199684810090AB33 /* PowerBar */ = {
			isa = PBXGroup;
			children = (
				6692F7C2199684B00090AB33 /* PowerBar.h */,
				6692F7C3199684B00090AB33 /* PowerBar.m */,
			);
			name = PowerBar;
			sourceTree = "<group>";
		};
		6692F7C5199684BB0090AB33 /* Sign */ = {
			isa = PBXGroup;
			children = (
				66AE1A391999407E0081B2F6 /* SignTarget.h */,
				66AE1A3A1999407E0081B2F6 /* SignTarget.m */,
			);
			name = Sign;
			sourceTree = "<group>";
		};
		66AE1A241997F2E70081B2F6 /* Explosion Particle */ = {
			isa = PBXGroup;
			children = (
				66AE1A291997F6D00081B2F6 /* Explosion.sks */,
				66AE1A2D19980C450081B2F6 /* RocketTail.sks */,
				66AE1A2E19980C450081B2F6 /* spark.png */,
				66AE1A2A1997F6D00081B2F6 /* spark.png */,
			);
			name = "Explosion Particle";
			sourceTree = "<group>";
		};
		66AE1A3419992F8F0081B2F6 /* Missile */ = {
			isa = PBXGroup;
			children = (
				66AE1A3C199940860081B2F6 /* Missile.h */,
				66AE1A3D199940860081B2F6 /* Missile.m */,
			);
			name = Missile;
			sourceTree = "<group>";
		};
		66D2EAD119951968007C43B3 = {
			isa = PBXGroup;
			children = (
				66D2EAE519951968007C43B3 /* FreeBalestine */,
				66D2EB0C19951968007C43B3 /* FreeBalestineTests */,
				66D2EADC19951968007C43B3 /* Frameworks */,
				66D2EADB19951968007C43B3 /* Products */,
			);
			sourceTree = "<group>";
		};
		66D2EADB19951968007C43B3 /* Products */ = {
			isa = PBXGroup;
			children = (
				66D2EADA19951968007C43B3 /* FreeBalestine.app */,
				66D2EB0519951968007C43B3 /* FreeBalestineTests.xctest */,
			);
			name = Products;
			sourceTree = "<group>";
		};
		66D2EADC19951968007C43B3 /* Frameworks */ = {
			isa = PBXGroup;
			children = (
				66BCD4B419A78B1800206164 /* CoreMotion.framework */,
				66A21760199A916A00AFCDCC /* AVFoundation.framework */,
				66D2EADD19951968007C43B3 /* Foundation.framework */,
				66D2EADF19951968007C43B3 /* CoreGraphics.framework */,
				66D2EAE119951968007C43B3 /* UIKit.framework */,
				66D2EAE319951968007C43B3 /* SpriteKit.framework */,
				66D2EB0619951968007C43B3 /* XCTest.framework */,
			);
			name = Frameworks;
			sourceTree = "<group>";
		};
		66D2EAE519951968007C43B3 /* FreeBalestine */ = {
			isa = PBXGroup;
			children = (
				66BCD4BB19A8FEAD00206164 /* startmusic.caf */,
				66BCD4B919A8F97000206164 /* PalestineFlag.png */,
				66A2175E199A902C00AFCDCC /* musabg.caf */,
				66AE1A381999404C0081B2F6 /* Common.h */,
				66AE1A3419992F8F0081B2F6 /* Missile */,
				66AE1A241997F2E70081B2F6 /* Explosion Particle */,
				6692F7C5199684BB0090AB33 /* Sign */,
				6692F7C1199684810090AB33 /* PowerBar */,
				6692F788199658210090AB33 /* Signs PNGs */,
				66D2EAEF19951968007C43B3 /* AppDelegate.m */,
				66D2EAEE19951968007C43B3 /* AppDelegate.h */,
				66BCD4B619A8F84800206164 /* MainMenuScene.h */,
				66BCD4B719A8F84800206164 /* MainMenuScene.m */,
				66D2EAF119951968007C43B3 /* Main_iPhone.storyboard */,
				66D2EAF419951968007C43B3 /* Main_iPad.storyboard */,
				66D2EAF719951968007C43B3 /* ViewController.h */,
				66D2EAF819951968007C43B3 /* ViewController.m */,
				66D2EAFA19951968007C43B3 /* MyScene.h */,
				66AE1A3619993BAA0081B2F6 /* musa.png */,
				66D2EAFB19951968007C43B3 /* MyScene.m */,
				66D2EAFD19951968007C43B3 /* Spaceship.png */,
				66D2EAFF19951968007C43B3 /* Images.xcassets */,
				66D2EAE619951968007C43B3 /* Supporting Files */,
			);
			path = FreeBalestine;
			sourceTree = "<group>";
		};
		66D2EAE619951968007C43B3 /* Supporting Files */ = {
			isa = PBXGroup;
			children = (
				66D2EAE719951968007C43B3 /* FreeBalestine-Info.plist */,
				66D2EAE819951968007C43B3 /* InfoPlist.strings */,
				66D2EAEB19951968007C43B3 /* main.m */,
				66D2EAED19951968007C43B3 /* FreeBalestine-Prefix.pch */,
			);
			name = "Supporting Files";
			sourceTree = "<group>";
		};
		66D2EB0C19951968007C43B3 /* FreeBalestineTests */ = {
			isa = PBXGroup;
			children = (
				66D2EB1219951968007C43B3 /* FreeBalestineTests.m */,
				66D2EB0D19951968007C43B3 /* Supporting Files */,
			);
			path = FreeBalestineTests;
			sourceTree = "<group>";
		};
		66D2EB0D19951968007C43B3 /* Supporting Files */ = {
			isa = PBXGroup;
			children = (
				66D2EB0E19951968007C43B3 /* FreeBalestineTests-Info.plist */,
				66D2EB0F19951968007C43B3 /* InfoPlist.strings */,
			);
			name = "Supporting Files";
			sourceTree = "<group>";
		};
/* End PBXGroup section */

/* Begin PBXNativeTarget section */
		66D2EAD919951968007C43B3 /* FreeBalestine */ = {
			isa = PBXNativeTarget;
			buildConfigurationList = 66D2EB1619951968007C43B3 /* Build configuration list for PBXNativeTarget "FreeBalestine" */;
			buildPhases = (
				66D2EAD619951968007C43B3 /* Sources */,
				66D2EAD719951968007C43B3 /* Frameworks */,
				66D2EAD819951968007C43B3 /* Resources */,
			);
			buildRules = (
			);
			dependencies = (
			);
			name = FreeBalestine;
			productName = FreeBalestine;
			productReference = 66D2EADA19951968007C43B3 /* FreeBalestine.app */;
			productType = "com.apple.product-type.application";
		};
		66D2EB0419951968007C43B3 /* FreeBalestineTests */ = {
			isa = PBXNativeTarget;
			buildConfigurationList = 66D2EB1919951968007C43B3 /* Build configuration list for PBXNativeTarget "FreeBalestineTests" */;
			buildPhases = (
				66D2EB0119951968007C43B3 /* Sources */,
				66D2EB0219951968007C43B3 /* Frameworks */,
				66D2EB0319951968007C43B3 /* Resources */,
			);
			buildRules = (
			);
			dependencies = (
				66D2EB0B19951968007C43B3 /* PBXTargetDependency */,
			);
			name = FreeBalestineTests;
			productName = FreeBalestineTests;
			productReference = 66D2EB0519951968007C43B3 /* FreeBalestineTests.xctest */;
			productType = "com.apple.product-type.bundle.unit-test";
		};
/* End PBXNativeTarget section */

/* Begin PBXProject section */
		66D2EAD219951968007C43B3 /* Project object */ = {
			isa = PBXProject;
			attributes = {
				LastUpgradeCheck = 0510;
				ORGANIZATIONNAME = Adam;
				TargetAttributes = {
					66D2EB0419951968007C43B3 = {
						TestTargetID = 66D2EAD919951968007C43B3;
					};
				};
			};
			buildConfigurationList = 66D2EAD519951968007C43B3 /* Build configuration list for PBXProject "FreeBalestine" */;
			compatibilityVersion = "Xcode 3.2";
			developmentRegion = English;
			hasScannedForEncodings = 0;
			knownRegions = (
				en,
				Base,
			);
			mainGroup = 66D2EAD119951968007C43B3;
			productRefGroup = 66D2EADB19951968007C43B3 /* Products */;
			projectDirPath = "";
			projectRoot = "";
			targets = (
				66D2EAD919951968007C43B3 /* FreeBalestine */,
				66D2EB0419951968007C43B3 /* FreeBalestineTests */,
			);
		};
/* End PBXProject section */

/* Begin PBXResourcesBuildPhase section */
		66D2EAD819951968007C43B3 /* Resources */ = {
			isa = PBXResourcesBuildPhase;
			buildActionMask = 2147483647;
			files = (
				6692F7BF199658B90090AB33 /* Tel aviv.png in Resources */,
				6692F7B7199658B90090AB33 /* Hertzliya.png in Resources */,
				66D2EAFE19951968007C43B3 /* Spaceship.png in Resources */,
				66AE1A2F19980C450081B2F6 /* RocketTail.sks in Resources */,
				6692F7B8199658B90090AB33 /* Holon.png in Resources */,
				6692F7B9199658B90090AB33 /* Khan Yunis.png in Resources */,
				6692F7BE199658B90090AB33 /* Tayibe.png in Resources */,
				6692F7B4199658B90090AB33 /* Ashkelon.png in Resources */,
				66D2EB0019951968007C43B3 /* Images.xcassets in Resources */,
				6692F7B5199658B90090AB33 /* Be'er-Sheva.png in Resources */,
				6692F7B3199658B90090AB33 /* Ashdod.png in Resources */,
				66BCD4BC19A8FEAD00206164 /* startmusic.caf in Resources */,
				66AE1A2C1997F6D00081B2F6 /* spark.png in Resources */,
				66D2EAF619951968007C43B3 /* Main_iPad.storyboard in Resources */,
				6692F7C0199658B90090AB33 /* Yokneam.png in Resources */,
				66AE1A3019980C450081B2F6 /* spark.png in Resources */,
				6692F7B6199658B90090AB33 /* Haifa.png in Resources */,
				6692F7BB199658B90090AB33 /* Rafah.png in Resources */,
				66BCD4BA19A8F97000206164 /* PalestineFlag.png in Resources */,
				66AE1A3719993BAA0081B2F6 /* musa.png in Resources */,
				66A2175F199A902C00AFCDCC /* musabg.caf in Resources */,
				66D2EAF319951968007C43B3 /* Main_iPhone.storyboard in Resources */,
				6692F7BA199658B90090AB33 /* Netanya.png in Resources */,
				6692F7BD199658B90090AB33 /* Shejaiya.png in Resources */,
				66AE1A2B1997F6D00081B2F6 /* Explosion.sks in Resources */,
				66D2EAEA19951968007C43B3 /* InfoPlist.strings in Resources */,
				6692F7BC199658B90090AB33 /* Sderot.png in Resources */,
			);
			runOnlyForDeploymentPostprocessing = 0;
		};
		66D2EB0319951968007C43B3 /* Resources */ = {
			isa = PBXResourcesBuildPhase;
			buildActionMask = 2147483647;
			files = (
				66D2EB1119951968007C43B3 /* InfoPlist.strings in Resources */,
			);
			runOnlyForDeploymentPostprocessing = 0;
		};
/* End PBXResourcesBuildPhase section */

/* Begin PBXSourcesBuildPhase section */
		66D2EAD619951968007C43B3 /* Sources */ = {
			isa = PBXSourcesBuildPhase;
			buildActionMask = 2147483647;
			files = (
				66D2EAFC19951968007C43B3 /* MyScene.m in Sources */,
				66AE1A3B1999407E0081B2F6 /* SignTarget.m in Sources */,
				66BCD4B819A8F84800206164 /* MainMenuScene.m in Sources */,
				6692F7C4199684B00090AB33 /* PowerBar.m in Sources */,
				66D2EAF919951968007C43B3 /* ViewController.m in Sources */,
				66AE1A3E199940860081B2F6 /* Missile.m in Sources */,
				66D2EAF019951968007C43B3 /* AppDelegate.m in Sources */,
				66D2EAEC19951968007C43B3 /* main.m in Sources */,
			);
			runOnlyForDeploymentPostprocessing = 0;
		};
		66D2EB0119951968007C43B3 /* Sources */ = {
			isa = PBXSourcesBuildPhase;
			buildActionMask = 2147483647;
			files = (
				66D2EB1319951968007C43B3 /* FreeBalestineTests.m in Sources */,
			);
			runOnlyForDeploymentPostprocessing = 0;
		};
/* End PBXSourcesBuildPhase section */

/* Begin PBXTargetDependency section */
		66D2EB0B19951968007C43B3 /* PBXTargetDependency */ = {
			isa = PBXTargetDependency;
			target = 66D2EAD919951968007C43B3 /* FreeBalestine */;
			targetProxy = 66D2EB0A19951968007C43B3 /* PBXContainerItemProxy */;
		};
/* End PBXTargetDependency section */

/* Begin PBXVariantGroup section */
		66D2EAE819951968007C43B3 /* InfoPlist.strings */ = {
			isa = PBXVariantGroup;
			children = (
				66D2EAE919951968007C43B3 /* en */,
			);
			name = InfoPlist.strings;
			sourceTree = "<group>";
		};
		66D2EAF119951968007C43B3 /* Main_iPhone.storyboard */ = {
			isa = PBXVariantGroup;
			children = (
				66D2EAF219951968007C43B3 /* Base */,
			);
			name = Main_iPhone.storyboard;
			sourceTree = "<group>";
		};
		66D2EAF419951968007C43B3 /* Main_iPad.storyboard */ = {
			isa = PBXVariantGroup;
			children = (
				66D2EAF519951968007C43B3 /* Base */,
			);
			name = Main_iPad.storyboard;
			sourceTree = "<group>";
		};
		66D2EB0F19951968007C43B3 /* InfoPlist.strings */ = {
			isa = PBXVariantGroup;
			children = (
				66D2EB1019951968007C43B3 /* en */,
			);
			name = InfoPlist.strings;
			sourceTree = "<group>";
		};
/* End PBXVariantGroup section */

/* Begin XCBuildConfiguration section */
		66D2EB1419951968007C43B3 /* Debug */ = {
			isa = XCBuildConfiguration;
			buildSettings = {
				ALWAYS_SEARCH_USER_PATHS = NO;
				CLANG_CXX_LANGUAGE_STANDARD = "gnu++0x";
				CLANG_CXX_LIBRARY = "libc++";
				CLANG_ENABLE_MODULES = YES;
				CLANG_ENABLE_OBJC_ARC = YES;
				CLANG_WARN_BOOL_CONVERSION = YES;
				CLANG_WARN_CONSTANT_CONVERSION = YES;
				CLANG_WARN_DIRECT_OBJC_ISA_USAGE = YES_ERROR;
				CLANG_WARN_EMPTY_BODY = YES;
				CLANG_WARN_ENUM_CONVERSION = YES;
				CLANG_WARN_INT_CONVERSION = YES;
				CLANG_WARN_OBJC_ROOT_CLASS = YES_ERROR;
				CLANG_WARN__DUPLICATE_METHOD_MATCH = YES;
				"CODE_SIGN_IDENTITY[sdk=iphoneos*]" = "";
				COPY_PHASE_STRIP = NO;
				GCC_C_LANGUAGE_STANDARD = gnu99;
				GCC_DYNAMIC_NO_PIC = NO;
				GCC_OPTIMIZATION_LEVEL = 0;
				GCC_PREPROCESSOR_DEFINITIONS = (
					"DEBUG=1",
					"$(inherited)",
				);
				GCC_SYMBOLS_PRIVATE_EXTERN = NO;
				GCC_WARN_64_TO_32_BIT_CONVERSION = YES;
				GCC_WARN_ABOUT_RETURN_TYPE = YES_ERROR;
				GCC_WARN_UNDECLARED_SELECTOR = YES;
				GCC_WARN_UNINITIALIZED_AUTOS = YES_AGGRESSIVE;
				GCC_WARN_UNUSED_FUNCTION = YES;
				GCC_WARN_UNUSED_VARIABLE = YES;
				IPHONEOS_DEPLOYMENT_TARGET = 7.1;
				ONLY_ACTIVE_ARCH = YES;
				SDKROOT = iphoneos;
				TARGETED_DEVICE_FAMILY = "1,2";
			};
			name = Debug;
		};
		66D2EB1519951968007C43B3 /* Release */ = {
			isa = XCBuildConfiguration;
			buildSettings = {
				ALWAYS_SEARCH_USER_PATHS = NO;
				CLANG_CXX_LANGUAGE_STANDARD = "gnu++0x";
				CLANG_CXX_LIBRARY = "libc++";
				CLANG_ENABLE_MODULES = YES;
				CLANG_ENABLE_OBJC_ARC = YES;
				CLANG_WARN_BOOL_CONVERSION = YES;
				CLANG_WARN_CONSTANT_CONVERSION = YES;
				CLANG_WARN_DIRECT_OBJC_ISA_USAGE = YES_ERROR;
				CLANG_WARN_EMPTY_BODY = YES;
				CLANG_WARN_ENUM_CONVERSION = YES;
				CLANG_WARN_INT_CONVERSION = YES;
				CLANG_WARN_OBJC_ROOT_CLASS = YES_ERROR;
				CLANG_WARN__DUPLICATE_METHOD_MATCH = YES;
				"CODE_SIGN_IDENTITY[sdk=iphoneos*]" = "";
				COPY_PHASE_STRIP = YES;
				ENABLE_NS_ASSERTIONS = NO;
				GCC_C_LANGUAGE_STANDARD = gnu99;
				GCC_WARN_64_TO_32_BIT_CONVERSION = YES;
				GCC_WARN_ABOUT_RETURN_TYPE = YES_ERROR;
				GCC_WARN_UNDECLARED_SELECTOR = YES;
				GCC_WARN_UNINITIALIZED_AUTOS = YES_AGGRESSIVE;
				GCC_WARN_UNUSED_FUNCTION = YES;
				GCC_WARN_UNUSED_VARIABLE = YES;
				IPHONEOS_DEPLOYMENT_TARGET = 7.1;
				SDKROOT = iphoneos;
				TARGETED_DEVICE_FAMILY = "1,2";
				VALIDATE_PRODUCT = YES;
			};
			name = Release;
		};
		66D2EB1719951968007C43B3 /* Debug */ = {
			isa = XCBuildConfiguration;
			buildSettings = {
				ASSETCATALOG_COMPILER_APPICON_NAME = AppIcon;
				ASSETCATALOG_COMPILER_LAUNCHIMAGE_NAME = LaunchImage;
				CODE_SIGN_IDENTITY = "";
				"CODE_SIGN_IDENTITY[sdk=iphoneos*]" = "";
				GCC_PRECOMPILE_PREFIX_HEADER = YES;
				GCC_PREFIX_HEADER = "FreeBalestine/FreeBalestine-Prefix.pch";
				INFOPLIST_FILE = "FreeBalestine/FreeBalestine-Info.plist";
				IPHONEOS_DEPLOYMENT_TARGET = 7.0;
				ONLY_ACTIVE_ARCH = NO;
				PRODUCT_NAME = "$(TARGET_NAME)";
				SPRITEKIT_TEXTURE_ATLAS_OUTPUT = YES;
				WRAPPER_EXTENSION = app;
			};
			name = Debug;
		};
		66D2EB1819951968007C43B3 /* Release */ = {
			isa = XCBuildConfiguration;
			buildSettings = {
				ASSETCATALOG_COMPILER_APPICON_NAME = AppIcon;
				ASSETCATALOG_COMPILER_LAUNCHIMAGE_NAME = LaunchImage;
				CODE_SIGN_IDENTITY = "";
				"CODE_SIGN_IDENTITY[sdk=iphoneos*]" = "";
				GCC_PRECOMPILE_PREFIX_HEADER = YES;
				GCC_PREFIX_HEADER = "FreeBalestine/FreeBalestine-Prefix.pch";
				INFOPLIST_FILE = "FreeBalestine/FreeBalestine-Info.plist";
				IPHONEOS_DEPLOYMENT_TARGET = 7.0;
				ONLY_ACTIVE_ARCH = YES;
				PRODUCT_NAME = "$(TARGET_NAME)";
				SPRITEKIT_TEXTURE_ATLAS_OUTPUT = YES;
				WRAPPER_EXTENSION = app;
			};
			name = Release;
		};
		66D2EB1A19951968007C43B3 /* Debug */ = {
			isa = XCBuildConfiguration;
			buildSettings = {
				BUNDLE_LOADER = "$(BUILT_PRODUCTS_DIR)/FreeBalestine.app/FreeBalestine";
				FRAMEWORK_SEARCH_PATHS = (
					"$(SDKROOT)/Developer/Library/Frameworks",
					"$(inherited)",
					"$(DEVELOPER_FRAMEWORKS_DIR)",
				);
				GCC_PRECOMPILE_PREFIX_HEADER = YES;
				GCC_PREFIX_HEADER = "FreeBalestine/FreeBalestine-Prefix.pch";
				GCC_PREPROCESSOR_DEFINITIONS = (
					"DEBUG=1",
					"$(inherited)",
				);
				INFOPLIST_FILE = "FreeBalestineTests/FreeBalestineTests-Info.plist";
				PRODUCT_NAME = "$(TARGET_NAME)";
				TEST_HOST = "$(BUNDLE_LOADER)";
				WRAPPER_EXTENSION = xctest;
			};
			name = Debug;
		};
		66D2EB1B19951968007C43B3 /* Release */ = {
			isa = XCBuildConfiguration;
			buildSettings = {
				BUNDLE_LOADER = "$(BUILT_PRODUCTS_DIR)/FreeBalestine.app/FreeBalestine";
				FRAMEWORK_SEARCH_PATHS = (
					"$(SDKROOT)/Developer/Library/Frameworks",
					"$(inherited)",
					"$(DEVELOPER_FRAMEWORKS_DIR)",
				);
				GCC_PRECOMPILE_PREFIX_HEADER = YES;
				GCC_PREFIX_HEADER = "FreeBalestine/FreeBalestine-Prefix.pch";
				INFOPLIST_FILE = "FreeBalestineTests/FreeBalestineTests-Info.plist";
				PRODUCT_NAME = "$(TARGET_NAME)";
				TEST_HOST = "$(BUNDLE_LOADER)";
				WRAPPER_EXTENSION = xctest;
			};
			name = Release;
		};
/* End XCBuildConfiguration section */

/* Begin XCConfigurationList section */
		66D2EAD519951968007C43B3 /* Build configuration list for PBXProject "FreeBalestine" */ = {
			isa = XCConfigurationList;
			buildConfigurations = (
				66D2EB1419951968007C43B3 /* Debug */,
				66D2EB1519951968007C43B3 /* Release */,
			);
			defaultConfigurationIsVisible = 0;
			defaultConfigurationName = Release;
		};
		66D2EB1619951968007C43B3 /* Build configuration list for PBXNativeTarget "FreeBalestine" */ = {
			isa = XCConfigurationList;
			buildConfigurations = (
				66D2EB1719951968007C43B3 /* Debug */,
				66D2EB1819951968007C43B3 /* Release */,
			);
			defaultConfigurationIsVisible = 0;
			defaultConfigurationName = Release;
		};
		66D2EB1919951968007C43B3 /* Build configuration list for PBXNativeTarget "FreeBalestineTests" */ = {
			isa = XCConfigurationList;
			buildConfigurations = (
				66D2EB1A19951968007C43B3 /* Debug */,
				66D2EB1B19951968007C43B3 /* Release */,
			);
			defaultConfigurationIsVisible = 0;
			defaultConfigurationName = Release;
		};
/* End XCConfigurationList section */
	};
	rootObject = 66D2EAD219951968007C43B3 /* Project object */;
}
